
Microsoft Visual Studio Solution File, Format Version 12.00
# Visual Studio Version 17
VisualStudioVersion = 17.3.32804.467
MinimumVisualStudioVersion = 10.0.40219.1
Project("{9A19103F-16F7-4668-BE54-9A1E7A4F7556}") = "GetPicturesFromDogCeo", "GetPicturesFromDogCeo\GetPicturesFromDogCeo.csproj", "{5FFA99D1-A260-4A89-BBEE-7EFF00B976F0}"
EndProject
Project("{9A19103F-16F7-4668-BE54-9A1E7A4F7556}") = "DogCeoService", "DogCeoService\DogCeoService.csproj", "{6D5CF308-50DD-4C1A-8619-37EE926F6059}"
EndProject
Project("{9A19103F-16F7-4668-BE54-9A1E7A4F7556}") = "Fibonacci", "Fibonacci\Fibonacci.csproj", "{455B57AE-FE65-4200-8B7D-9A3BC46F2EA0}"
EndProject
Project("{9A19103F-16F7-4668-BE54-9A1E7A4F7556}") = "ProductApi", "ProductApi\ProductApi.csproj", "{F94554CE-DE11-497A-AA93-9E2133B07F88}"
EndProject
Project("{9A19103F-16F7-4668-BE54-9A1E7A4F7556}") = "ProductCategoryApi", "ProductCategoryApi\ProductCategoryApi.csproj", "{E1BFEFC2-BDF2-48F3-86AC-912001C8E933}"
EndProject
Project("{9A19103F-16F7-4668-BE54-9A1E7A4F7556}") = "PictureApi", "PictureApi\PictureApi.csproj", "{43771AEE-A9EE-4C5C-9EBD-6F24EC23E2A6}"
EndProject
Project("{2150E333-8FDC-42A3-9474-1A3956D46DE8}") = "Integration", "Integration", "{DD2B4833-D5C8-42A7-9081-7A0551294906}"
EndProject
Project("{FAE04EC0-301F-11D3-BF4B-00C04F79EFBC}") = "MessageBus", "MessageBus\MessageBus.csproj", "{C1DB7DAA-CC2B-408D-AE72-F074A566F485}"
EndProject
Project("{FAE04EC0-301F-11D3-BF4B-00C04F79EFBC}") = "GatewayWebApi", "GatewayWebApi\GatewayWebApi.csproj", "{E8F4D165-9F15-4BAA-9132-483AB2B5C8B9}"
EndProject
Global
	GlobalSection(SolutionConfigurationPlatforms) = preSolution
		Debug|Any CPU = Debug|Any CPU
		Release|Any CPU = Release|Any CPU
	EndGlobalSection
	GlobalSection(ProjectConfigurationPlatforms) = postSolution
		{5FFA99D1-A260-4A89-BBEE-7EFF00B976F0}.Debug|Any CPU.ActiveCfg = Debug|Any CPU
		{5FFA99D1-A260-4A89-BBEE-7EFF00B976F0}.Debug|Any CPU.Build.0 = Debug|Any CPU
		{5FFA99D1-A260-4A89-BBEE-7EFF00B976F0}.Release|Any CPU.ActiveCfg = Release|Any CPU
		{5FFA99D1-A260-4A89-BBEE-7EFF00B976F0}.Release|Any CPU.Build.0 = Release|Any CPU
		{6D5CF308-50DD-4C1A-8619-37EE926F6059}.Debug|Any CPU.ActiveCfg = Debug|Any CPU
		{6D5CF308-50DD-4C1A-8619-37EE926F6059}.Debug|Any CPU.Build.0 = Debug|Any CPU
		{6D5CF308-50DD-4C1A-8619-37EE926F6059}.Release|Any CPU.ActiveCfg = Release|Any CPU
		{6D5CF308-50DD-4C1A-8619-37EE926F6059}.Release|Any CPU.Build.0 = Release|Any CPU
		{455B57AE-FE65-4200-8B7D-9A3BC46F2EA0}.Debug|Any CPU.ActiveCfg = Debug|Any CPU
		{455B57AE-FE65-4200-8B7D-9A3BC46F2EA0}.Debug|Any CPU.Build.0 = Debug|Any CPU
		{455B57AE-FE65-4200-8B7D-9A3BC46F2EA0}.Release|Any CPU.ActiveCfg = Release|Any CPU
		{455B57AE-FE65-4200-8B7D-9A3BC46F2EA0}.Release|Any CPU.Build.0 = Release|Any CPU
		{F94554CE-DE11-497A-AA93-9E2133B07F88}.Debug|Any CPU.ActiveCfg = Debug|Any CPU
		{F94554CE-DE11-497A-AA93-9E2133B07F88}.Debug|Any CPU.Build.0 = Debug|Any CPU
		{F94554CE-DE11-497A-AA93-9E2133B07F88}.Release|Any CPU.ActiveCfg = Release|Any CPU
		{F94554CE-DE11-497A-AA93-9E2133B07F88}.Release|Any CPU.Build.0 = Release|Any CPU
		{E1BFEFC2-BDF2-48F3-86AC-912001C8E933}.Debug|Any CPU.ActiveCfg = Debug|Any CPU
		{E1BFEFC2-BDF2-48F3-86AC-912001C8E933}.Debug|Any CPU.Build.0 = Debug|Any CPU
		{E1BFEFC2-BDF2-48F3-86AC-912001C8E933}.Release|Any CPU.ActiveCfg = Release|Any CPU
		{E1BFEFC2-BDF2-48F3-86AC-912001C8E933}.Release|Any CPU.Build.0 = Release|Any CPU
		{43771AEE-A9EE-4C5C-9EBD-6F24EC23E2A6}.Debug|Any CPU.ActiveCfg = Debug|Any CPU
		{43771AEE-A9EE-4C5C-9EBD-6F24EC23E2A6}.Debug|Any CPU.Build.0 = Debug|Any CPU
		{43771AEE-A9EE-4C5C-9EBD-6F24EC23E2A6}.Release|Any CPU.ActiveCfg = Release|Any CPU
		{43771AEE-A9EE-4C5C-9EBD-6F24EC23E2A6}.Release|Any CPU.Build.0 = Release|Any CPU
		{C1DB7DAA-CC2B-408D-AE72-F074A566F485}.Debug|Any CPU.ActiveCfg = Debug|Any CPU
		{C1DB7DAA-CC2B-408D-AE72-F074A566F485}.Debug|Any CPU.Build.0 = Debug|Any CPU
		{C1DB7DAA-CC2B-408D-AE72-F074A566F485}.Release|Any CPU.ActiveCfg = Release|Any CPU
		{C1DB7DAA-CC2B-408D-AE72-F074A566F485}.Release|Any CPU.Build.0 = Release|Any CPU
		{E8F4D165-9F15-4BAA-9132-483AB2B5C8B9}.Debug|Any CPU.ActiveCfg = Debug|Any CPU
		{E8F4D165-9F15-4BAA-9132-483AB2B5C8B9}.Debug|Any CPU.Build.0 = Debug|Any CPU
		{E8F4D165-9F15-4BAA-9132-483AB2B5C8B9}.Release|Any CPU.ActiveCfg = Release|Any CPU
		{E8F4D165-9F15-4BAA-9132-483AB2B5C8B9}.Release|Any CPU.Build.0 = Release|Any CPU
	EndGlobalSection
	GlobalSection(SolutionProperties) = preSolution
		HideSolutionNode = FALSE
	EndGlobalSection
	GlobalSection(NestedProjects) = preSolution
		{C1DB7DAA-CC2B-408D-AE72-F074A566F485} = {DD2B4833-D5C8-42A7-9081-7A0551294906}
	EndGlobalSection
	GlobalSection(ExtensibilityGlobals) = postSolution
		SolutionGuid = {6CED6A47-9837-4DB9-AE30-10D29B5CAB73}
	EndGlobalSection
EndGlobal
